
Microsoft Visual Studio Solution File, Format Version 12.00
# Visual Studio 15
VisualStudioVersion = 15.0.28307.539
MinimumVisualStudioVersion = 10.0.40219.1
Project("{8BC9CEB8-8B4A-11D0-8D11-00A0C91BC942}") = "AHKHMan", "AHKHMan\AHKHMan.vcxproj", "{EE396176-3EDA-4DD8-9FF3-9304CAF4BA1C}"
EndProject
Global
	GlobalSection(SolutionConfigurationPlatforms) = preSolution
		Debug|x64 = Debug|x64
		Debug|x86 = Debug|x86
		Release|x64 = Release|x64
		Release|x86 = Release|x86
	EndGlobalSection
	GlobalSection(ProjectConfigurationPlatforms) = postSolution
		{EE396176-3EDA-4DD8-9FF3-9304CAF4BA1C}.Debug|x64.ActiveCfg = Debug|x64
		{EE396176-3EDA-4DD8-9FF3-9304CAF4BA1C}.Debug|x64.Build.0 = Debug|x64
		{EE396176-3EDA-4DD8-9FF3-9304CAF4BA1C}.Debug|x86.ActiveCfg = Debug|Win32
		{EE396176-3EDA-4DD8-9FF3-9304CAF4BA1C}.Debug|x86.Build.0 = Debug|Win32
		{EE396176-3EDA-4DD8-9FF3-9304CAF4BA1C}.Release|x64.ActiveCfg = Release|x64
		{EE396176-3EDA-4DD8-9FF3-9304CAF4BA1C}.Release|x64.Build.0 = Release|x64
		{EE396176-3EDA-4DD8-9FF3-9304CAF4BA1C}.Release|x86.ActiveCfg = Release|Win32
		{EE396176-3EDA-4DD8-9FF3-9304CAF4BA1C}.Release|x86.Build.0 = Release|Win32
	EndGlobalSection
	GlobalSection(SolutionProperties) = preSolution
		HideSolutionNode = FALSE
	EndGlobalSection
	GlobalSection(ExtensibilityGlobals) = postSolution
		SolutionGuid = {0F37EF64-4690-4868-870B-2D55D8CBCF3C}
	EndGlobalSection
EndGlobal
